
Microsoft Visual Studio Solution File, Format Version 12.00
# Visual Studio Version 16
VisualStudioVersion = 16.0.30717.126
MinimumVisualStudioVersion = 10.0.40219.1
Project("{9A19103F-16F7-4668-BE54-9A1E7A4F7556}") = "Backend.Service", "Backend.Service\Backend.Service.csproj", "{72AF680D-CB7F-481D-83B2-AEC2EEDD4C3F}"
EndProject
Project("{9A19103F-16F7-4668-BE54-9A1E7A4F7556}") = "Backend.Core", "Backend.Core\Backend.Core.csproj", "{6DDEF7D5-9D29-4723-B174-ACB30143B8A9}"
EndProject
Project("{9A19103F-16F7-4668-BE54-9A1E7A4F7556}") = "Backend.Models", "Backend.Models\Backend.Models.csproj", "{EDB861AC-1877-44D3-9D32-0C564970FA81}"
EndProject
Project("{9A19103F-16F7-4668-BE54-9A1E7A4F7556}") = "Backend.Tests", "Backend.Tests\Backend.Tests.csproj", "{40BB2102-2DBB-45C4-A1B3-FC9871028B8E}"
EndProject
Global
	GlobalSection(SolutionConfigurationPlatforms) = preSolution
		Debug|Any CPU = Debug|Any CPU
		Release|Any CPU = Release|Any CPU
	EndGlobalSection
	GlobalSection(ProjectConfigurationPlatforms) = postSolution
		{72AF680D-CB7F-481D-83B2-AEC2EEDD4C3F}.Debug|Any CPU.ActiveCfg = Debug|Any CPU
		{72AF680D-CB7F-481D-83B2-AEC2EEDD4C3F}.Debug|Any CPU.Build.0 = Debug|Any CPU
		{72AF680D-CB7F-481D-83B2-AEC2EEDD4C3F}.Release|Any CPU.ActiveCfg = Release|Any CPU
		{72AF680D-CB7F-481D-83B2-AEC2EEDD4C3F}.Release|Any CPU.Build.0 = Release|Any CPU
		{6DDEF7D5-9D29-4723-B174-ACB30143B8A9}.Debug|Any CPU.ActiveCfg = Debug|Any CPU
		{6DDEF7D5-9D29-4723-B174-ACB30143B8A9}.Debug|Any CPU.Build.0 = Debug|Any CPU
		{6DDEF7D5-9D29-4723-B174-ACB30143B8A9}.Release|Any CPU.ActiveCfg = Release|Any CPU
		{6DDEF7D5-9D29-4723-B174-ACB30143B8A9}.Release|Any CPU.Build.0 = Release|Any CPU
		{EDB861AC-1877-44D3-9D32-0C564970FA81}.Debug|Any CPU.ActiveCfg = Debug|Any CPU
		{EDB861AC-1877-44D3-9D32-0C564970FA81}.Debug|Any CPU.Build.0 = Debug|Any CPU
		{EDB861AC-1877-44D3-9D32-0C564970FA81}.Release|Any CPU.ActiveCfg = Release|Any CPU
		{EDB861AC-1877-44D3-9D32-0C564970FA81}.Release|Any CPU.Build.0 = Release|Any CPU
		{40BB2102-2DBB-45C4-A1B3-FC9871028B8E}.Debug|Any CPU.ActiveCfg = Debug|Any CPU
		{40BB2102-2DBB-45C4-A1B3-FC9871028B8E}.Debug|Any CPU.Build.0 = Debug|Any CPU
		{40BB2102-2DBB-45C4-A1B3-FC9871028B8E}.Release|Any CPU.ActiveCfg = Release|Any CPU
		{40BB2102-2DBB-45C4-A1B3-FC9871028B8E}.Release|Any CPU.Build.0 = Release|Any CPU
	EndGlobalSection
	GlobalSection(SolutionProperties) = preSolution
		HideSolutionNode = FALSE
	EndGlobalSection
	GlobalSection(ExtensibilityGlobals) = postSolution
		SolutionGuid = {F838D668-5498-4BF2-851F-71BB4D215BFC}
	EndGlobalSection
EndGlobal
