
Microsoft Visual Studio Solution File, Format Version 12.00
# Visual Studio Version 16
VisualStudioVersion = 16.0.30717.126
MinimumVisualStudioVersion = 10.0.40219.1
Project("{9A19103F-16F7-4668-BE54-9A1E7A4F7556}") = "Backend.Service", "Backend.Service.csproj", "{FC39A2B6-B64A-4EE8-BE54-B348EE30E01E}"
EndProject
Project("{9A19103F-16F7-4668-BE54-9A1E7A4F7556}") = "Backend.UnitTests", "..\BackendTests\Backend.UnitTests.csproj", "{5086DC90-0815-4344-9186-1D0E25EDA118}"
EndProject
Project("{FAE04EC0-301F-11D3-BF4B-00C04F79EFBC}") = "Backend.Models", "..\Models\Backend.Models.csproj", "{B9CB0750-6693-4AFB-8F8D-DDFC61006E29}"
EndProject
Project("{FAE04EC0-301F-11D3-BF4B-00C04F79EFBC}") = "Backend.Core", "..\Backend.Core\Backend.Core.csproj", "{435EE158-2696-4C1A-AB2E-93D13F502500}"
EndProject
Project("{FAE04EC0-301F-11D3-BF4B-00C04F79EFBC}") = "Backend.IntegrationTests", "..\Backend.IntegrationTests\Backend.IntegrationTests.csproj", "{4A343248-B1B0-4CC4-9A79-58C00E08FCA6}"
EndProject
Global
	GlobalSection(SolutionConfigurationPlatforms) = preSolution
		Debug|Any CPU = Debug|Any CPU
		Release|Any CPU = Release|Any CPU
	EndGlobalSection
	GlobalSection(ProjectConfigurationPlatforms) = postSolution
		{FC39A2B6-B64A-4EE8-BE54-B348EE30E01E}.Debug|Any CPU.ActiveCfg = Debug|Any CPU
		{FC39A2B6-B64A-4EE8-BE54-B348EE30E01E}.Debug|Any CPU.Build.0 = Debug|Any CPU
		{FC39A2B6-B64A-4EE8-BE54-B348EE30E01E}.Release|Any CPU.ActiveCfg = Release|Any CPU
		{FC39A2B6-B64A-4EE8-BE54-B348EE30E01E}.Release|Any CPU.Build.0 = Release|Any CPU
		{5086DC90-0815-4344-9186-1D0E25EDA118}.Debug|Any CPU.ActiveCfg = Debug|Any CPU
		{5086DC90-0815-4344-9186-1D0E25EDA118}.Debug|Any CPU.Build.0 = Debug|Any CPU
		{5086DC90-0815-4344-9186-1D0E25EDA118}.Release|Any CPU.ActiveCfg = Release|Any CPU
		{5086DC90-0815-4344-9186-1D0E25EDA118}.Release|Any CPU.Build.0 = Release|Any CPU
		{B9CB0750-6693-4AFB-8F8D-DDFC61006E29}.Debug|Any CPU.ActiveCfg = Debug|Any CPU
		{B9CB0750-6693-4AFB-8F8D-DDFC61006E29}.Debug|Any CPU.Build.0 = Debug|Any CPU
		{B9CB0750-6693-4AFB-8F8D-DDFC61006E29}.Release|Any CPU.ActiveCfg = Release|Any CPU
		{B9CB0750-6693-4AFB-8F8D-DDFC61006E29}.Release|Any CPU.Build.0 = Release|Any CPU
		{435EE158-2696-4C1A-AB2E-93D13F502500}.Debug|Any CPU.ActiveCfg = Debug|Any CPU
		{435EE158-2696-4C1A-AB2E-93D13F502500}.Debug|Any CPU.Build.0 = Debug|Any CPU
		{435EE158-2696-4C1A-AB2E-93D13F502500}.Release|Any CPU.ActiveCfg = Release|Any CPU
		{435EE158-2696-4C1A-AB2E-93D13F502500}.Release|Any CPU.Build.0 = Release|Any CPU
		{4A343248-B1B0-4CC4-9A79-58C00E08FCA6}.Debug|Any CPU.ActiveCfg = Debug|Any CPU
		{4A343248-B1B0-4CC4-9A79-58C00E08FCA6}.Debug|Any CPU.Build.0 = Debug|Any CPU
		{4A343248-B1B0-4CC4-9A79-58C00E08FCA6}.Release|Any CPU.ActiveCfg = Release|Any CPU
		{4A343248-B1B0-4CC4-9A79-58C00E08FCA6}.Release|Any CPU.Build.0 = Release|Any CPU
	EndGlobalSection
	GlobalSection(SolutionProperties) = preSolution
		HideSolutionNode = FALSE
	EndGlobalSection
	GlobalSection(ExtensibilityGlobals) = postSolution
		SolutionGuid = {7B91A132-6A39-47EF-8F39-85D64462DB65}
	EndGlobalSection
EndGlobal
